
Microsoft Visual Studio Solution File, Format Version 12.00
# Visual Studio Version 16
VisualStudioVersion = 16.0.29306.81
MinimumVisualStudioVersion = 10.0.40219.1
Project("{FAE04EC0-301F-11D3-BF4B-00C04F79EFBC}") = "PMSShoppingApp.Web", "PMSShoppingApp.Web.csproj", "{B873F280-5998-4B4F-8C9E-5296BEA2E9D7}"
EndProject
Project("{FAE04EC0-301F-11D3-BF4B-00C04F79EFBC}") = "PMSShoppingApp.Models", "..\PMSShoppingApp.Models\PMSShoppingApp.Models.csproj", "{EB767D2F-C57A-4C3F-944C-20052F166FC9}"
EndProject
Project("{FAE04EC0-301F-11D3-BF4B-00C04F79EFBC}") = "PMSShopping.Services", "..\PMSShopping.Services\PMSShopping.Services.csproj", "{7468F3DA-B4DD-4D9A-95AE-F504FE58281E}"
EndProject
Project("{FAE04EC0-301F-11D3-BF4B-00C04F79EFBC}") = "PMSShopping.Commons", "..\PMSShopping.Commons\PMSShopping.Commons.csproj", "{04DAF916-A89E-404C-ABA6-35B321006C60}"
EndProject
Project("{FAE04EC0-301F-11D3-BF4B-00C04F79EFBC}") = "PMSShopping.Data", "..\PMSShopping.Data\PMSShopping.Data.csproj", "{3BBBAF9A-1606-495E-8982-1BF7A3EEAF91}"
EndProject
Global
	GlobalSection(SolutionConfigurationPlatforms) = preSolution
		Debug|Any CPU = Debug|Any CPU
		Release|Any CPU = Release|Any CPU
	EndGlobalSection
	GlobalSection(ProjectConfigurationPlatforms) = postSolution
		{B873F280-5998-4B4F-8C9E-5296BEA2E9D7}.Debug|Any CPU.ActiveCfg = Debug|Any CPU
		{B873F280-5998-4B4F-8C9E-5296BEA2E9D7}.Debug|Any CPU.Build.0 = Debug|Any CPU
		{B873F280-5998-4B4F-8C9E-5296BEA2E9D7}.Release|Any CPU.ActiveCfg = Release|Any CPU
		{B873F280-5998-4B4F-8C9E-5296BEA2E9D7}.Release|Any CPU.Build.0 = Release|Any CPU
		{EB767D2F-C57A-4C3F-944C-20052F166FC9}.Debug|Any CPU.ActiveCfg = Debug|Any CPU
		{EB767D2F-C57A-4C3F-944C-20052F166FC9}.Debug|Any CPU.Build.0 = Debug|Any CPU
		{EB767D2F-C57A-4C3F-944C-20052F166FC9}.Release|Any CPU.ActiveCfg = Release|Any CPU
		{EB767D2F-C57A-4C3F-944C-20052F166FC9}.Release|Any CPU.Build.0 = Release|Any CPU
		{7468F3DA-B4DD-4D9A-95AE-F504FE58281E}.Debug|Any CPU.ActiveCfg = Debug|Any CPU
		{7468F3DA-B4DD-4D9A-95AE-F504FE58281E}.Debug|Any CPU.Build.0 = Debug|Any CPU
		{7468F3DA-B4DD-4D9A-95AE-F504FE58281E}.Release|Any CPU.ActiveCfg = Release|Any CPU
		{7468F3DA-B4DD-4D9A-95AE-F504FE58281E}.Release|Any CPU.Build.0 = Release|Any CPU
		{04DAF916-A89E-404C-ABA6-35B321006C60}.Debug|Any CPU.ActiveCfg = Debug|Any CPU
		{04DAF916-A89E-404C-ABA6-35B321006C60}.Debug|Any CPU.Build.0 = Debug|Any CPU
		{04DAF916-A89E-404C-ABA6-35B321006C60}.Release|Any CPU.ActiveCfg = Release|Any CPU
		{04DAF916-A89E-404C-ABA6-35B321006C60}.Release|Any CPU.Build.0 = Release|Any CPU
		{3BBBAF9A-1606-495E-8982-1BF7A3EEAF91}.Debug|Any CPU.ActiveCfg = Debug|Any CPU
		{3BBBAF9A-1606-495E-8982-1BF7A3EEAF91}.Debug|Any CPU.Build.0 = Debug|Any CPU
		{3BBBAF9A-1606-495E-8982-1BF7A3EEAF91}.Release|Any CPU.ActiveCfg = Release|Any CPU
		{3BBBAF9A-1606-495E-8982-1BF7A3EEAF91}.Release|Any CPU.Build.0 = Release|Any CPU
	EndGlobalSection
	GlobalSection(SolutionProperties) = preSolution
		HideSolutionNode = FALSE
	EndGlobalSection
	GlobalSection(ExtensibilityGlobals) = postSolution
		SolutionGuid = {47BE2A58-E1DB-4C60-9E9B-12B312AA98CF}
	EndGlobalSection
EndGlobal
